
Microsoft Visual Studio Solution File, Format Version 12.00
# Visual Studio Version 17
VisualStudioVersion = 17.4.33213.308
MinimumVisualStudioVersion = 10.0.40219.1
Project("{FAE04EC0-301F-11D3-BF4B-00C04F79EFBC}") = "Modul4_1302213038", "Modul4_1302213038.csproj", "{DB50BDC8-A27B-4D91-9434-E762D8BCAEEC}"
EndProject
Global
	GlobalSection(SolutionConfigurationPlatforms) = preSolution
		Debug|Any CPU = Debug|Any CPU
		Release|Any CPU = Release|Any CPU
	EndGlobalSection
	GlobalSection(ProjectConfigurationPlatforms) = postSolution
		{DB50BDC8-A27B-4D91-9434-E762D8BCAEEC}.Debug|Any CPU.ActiveCfg = Debug|Any CPU
		{DB50BDC8-A27B-4D91-9434-E762D8BCAEEC}.Debug|Any CPU.Build.0 = Debug|Any CPU
		{DB50BDC8-A27B-4D91-9434-E762D8BCAEEC}.Release|Any CPU.ActiveCfg = Release|Any CPU
		{DB50BDC8-A27B-4D91-9434-E762D8BCAEEC}.Release|Any CPU.Build.0 = Release|Any CPU
	EndGlobalSection
	GlobalSection(SolutionProperties) = preSolution
		HideSolutionNode = FALSE
	EndGlobalSection
	GlobalSection(ExtensibilityGlobals) = postSolution
		SolutionGuid = {1720E1BA-8F36-4AAC-9379-3C7CF1C0FB1A}
	EndGlobalSection
EndGlobal
